
Microsoft Visual Studio Solution File, Format Version 12.00
# Visual Studio Version 16
VisualStudioVersion = 16.0.29009.5
MinimumVisualStudioVersion = 10.0.40219.1
Project("{FAE04EC0-301F-11D3-BF4B-00C04F79EFBC}") = "Exercise_43-3", "Exercise_43-3.csproj", "{641DFB04-A151-4387-8F09-E83F9C474356}"
EndProject
Global
	GlobalSection(SolutionConfigurationPlatforms) = preSolution
		Debug|Any CPU = Debug|Any CPU
		Release|Any CPU = Release|Any CPU
	EndGlobalSection
	GlobalSection(ProjectConfigurationPlatforms) = postSolution
		{641DFB04-A151-4387-8F09-E83F9C474356}.Debug|Any CPU.ActiveCfg = Debug|Any CPU
		{641DFB04-A151-4387-8F09-E83F9C474356}.Debug|Any CPU.Build.0 = Debug|Any CPU
		{641DFB04-A151-4387-8F09-E83F9C474356}.Release|Any CPU.ActiveCfg = Release|Any CPU
		{641DFB04-A151-4387-8F09-E83F9C474356}.Release|Any CPU.Build.0 = Release|Any CPU
	EndGlobalSection
	GlobalSection(SolutionProperties) = preSolution
		HideSolutionNode = FALSE
	EndGlobalSection
	GlobalSection(ExtensibilityGlobals) = postSolution
		SolutionGuid = {B0EA065E-D3EB-4804-AC71-3FD36BD18428}
	EndGlobalSection
EndGlobal
