
Microsoft Visual Studio Solution File, Format Version 12.00
# Visual Studio Version 16
VisualStudioVersion = 16.0.29009.5
MinimumVisualStudioVersion = 10.0.40219.1
Project("{FAE04EC0-301F-11D3-BF4B-00C04F79EFBC}") = "Exercise_43-2", "Exercise_43-2.csproj", "{B2507E18-C7A2-47C3-A8FB-F96AE014FA5E}"
EndProject
Global
	GlobalSection(SolutionConfigurationPlatforms) = preSolution
		Debug|Any CPU = Debug|Any CPU
		Release|Any CPU = Release|Any CPU
	EndGlobalSection
	GlobalSection(ProjectConfigurationPlatforms) = postSolution
		{B2507E18-C7A2-47C3-A8FB-F96AE014FA5E}.Debug|Any CPU.ActiveCfg = Debug|Any CPU
		{B2507E18-C7A2-47C3-A8FB-F96AE014FA5E}.Debug|Any CPU.Build.0 = Debug|Any CPU
		{B2507E18-C7A2-47C3-A8FB-F96AE014FA5E}.Release|Any CPU.ActiveCfg = Release|Any CPU
		{B2507E18-C7A2-47C3-A8FB-F96AE014FA5E}.Release|Any CPU.Build.0 = Release|Any CPU
	EndGlobalSection
	GlobalSection(SolutionProperties) = preSolution
		HideSolutionNode = FALSE
	EndGlobalSection
	GlobalSection(ExtensibilityGlobals) = postSolution
		SolutionGuid = {785EF4EB-37DE-4A09-8CFF-A1AC5B96BE1A}
	EndGlobalSection
EndGlobal
